
Microsoft Visual Studio Solution File, Format Version 12.00
# Visual Studio Version 17
VisualStudioVersion = 17.0.31903.59
MinimumVisualStudioVersion = 10.0.40219.1
Project("{2150E333-8FDC-42A3-9474-1A3956D46DE8}") = "src", "src", "{827E0CD3-B72D-47B6-A68D-7590B98EB39B}"
EndProject
Project("{FAE04EC0-301F-11D3-BF4B-00C04F79EFBC}") = "AegisSchedule.Api", "src\AegisSchedule.Api\AegisSchedule.Api.csproj", "{0D49E964-A29A-49F6-8057-71D854C7B6DB}"
EndProject
Project("{FAE04EC0-301F-11D3-BF4B-00C04F79EFBC}") = "AegisSchedule.Web", "src\AegisSchedule.Web\AegisSchedule.Web.csproj", "{D3C946E5-BDEC-4D34-810E-B5E032339D1B}"
EndProject
Project("{2150E333-8FDC-42A3-9474-1A3956D46DE8}") = "tests", "tests", "{0AB3BF05-4346-4AA6-1389-037BE0695223}"
EndProject
Project("{FAE04EC0-301F-11D3-BF4B-00C04F79EFBC}") = "AegisSchedule.Tests", "tests\AegisSchedule.Tests\AegisSchedule.Tests.csproj", "{63FF0DF0-3FEA-4D02-ADA4-84E2CC6ED3F3}"
EndProject
Global
	GlobalSection(SolutionConfigurationPlatforms) = preSolution
		Debug|Any CPU = Debug|Any CPU
		Debug|x64 = Debug|x64
		Debug|x86 = Debug|x86
		Release|Any CPU = Release|Any CPU
		Release|x64 = Release|x64
		Release|x86 = Release|x86
	EndGlobalSection
	GlobalSection(ProjectConfigurationPlatforms) = postSolution
		{0D49E964-A29A-49F6-8057-71D854C7B6DB}.Debug|Any CPU.ActiveCfg = Debug|Any CPU
		{0D49E964-A29A-49F6-8057-71D854C7B6DB}.Debug|Any CPU.Build.0 = Debug|Any CPU
		{0D49E964-A29A-49F6-8057-71D854C7B6DB}.Debug|x64.ActiveCfg = Debug|Any CPU
		{0D49E964-A29A-49F6-8057-71D854C7B6DB}.Debug|x64.Build.0 = Debug|Any CPU
		{0D49E964-A29A-49F6-8057-71D854C7B6DB}.Debug|x86.ActiveCfg = Debug|Any CPU
		{0D49E964-A29A-49F6-8057-71D854C7B6DB}.Debug|x86.Build.0 = Debug|Any CPU
		{0D49E964-A29A-49F6-8057-71D854C7B6DB}.Release|Any CPU.ActiveCfg = Release|Any CPU
		{0D49E964-A29A-49F6-8057-71D854C7B6DB}.Release|Any CPU.Build.0 = Release|Any CPU
		{0D49E964-A29A-49F6-8057-71D854C7B6DB}.Release|x64.ActiveCfg = Release|Any CPU
		{0D49E964-A29A-49F6-8057-71D854C7B6DB}.Release|x64.Build.0 = Release|Any CPU
		{0D49E964-A29A-49F6-8057-71D854C7B6DB}.Release|x86.ActiveCfg = Release|Any CPU
		{0D49E964-A29A-49F6-8057-71D854C7B6DB}.Release|x86.Build.0 = Release|Any CPU
		{D3C946E5-BDEC-4D34-810E-B5E032339D1B}.Debug|Any CPU.ActiveCfg = Debug|Any CPU
		{D3C946E5-BDEC-4D34-810E-B5E032339D1B}.Debug|Any CPU.Build.0 = Debug|Any CPU
		{D3C946E5-BDEC-4D34-810E-B5E032339D1B}.Debug|x64.ActiveCfg = Debug|Any CPU
		{D3C946E5-BDEC-4D34-810E-B5E032339D1B}.Debug|x64.Build.0 = Debug|Any CPU
		{D3C946E5-BDEC-4D34-810E-B5E032339D1B}.Debug|x86.ActiveCfg = Debug|Any CPU
		{D3C946E5-BDEC-4D34-810E-B5E032339D1B}.Debug|x86.Build.0 = Debug|Any CPU
		{D3C946E5-BDEC-4D34-810E-B5E032339D1B}.Release|Any CPU.ActiveCfg = Release|Any CPU
		{D3C946E5-BDEC-4D34-810E-B5E032339D1B}.Release|Any CPU.Build.0 = Release|Any CPU
		{D3C946E5-BDEC-4D34-810E-B5E032339D1B}.Release|x64.ActiveCfg = Release|Any CPU
		{D3C946E5-BDEC-4D34-810E-B5E032339D1B}.Release|x64.Build.0 = Release|Any CPU
		{D3C946E5-BDEC-4D34-810E-B5E032339D1B}.Release|x86.ActiveCfg = Release|Any CPU
		{D3C946E5-BDEC-4D34-810E-B5E032339D1B}.Release|x86.Build.0 = Release|Any CPU
		{63FF0DF0-3FEA-4D02-ADA4-84E2CC6ED3F3}.Debug|Any CPU.ActiveCfg = Debug|Any CPU
		{63FF0DF0-3FEA-4D02-ADA4-84E2CC6ED3F3}.Debug|Any CPU.Build.0 = Debug|Any CPU
		{63FF0DF0-3FEA-4D02-ADA4-84E2CC6ED3F3}.Debug|x64.ActiveCfg = Debug|Any CPU
		{63FF0DF0-3FEA-4D02-ADA4-84E2CC6ED3F3}.Debug|x64.Build.0 = Debug|Any CPU
		{63FF0DF0-3FEA-4D02-ADA4-84E2CC6ED3F3}.Debug|x86.ActiveCfg = Debug|Any CPU
		{63FF0DF0-3FEA-4D02-ADA4-84E2CC6ED3F3}.Debug|x86.Build.0 = Debug|Any CPU
		{63FF0DF0-3FEA-4D02-ADA4-84E2CC6ED3F3}.Release|Any CPU.ActiveCfg = Release|Any CPU
		{63FF0DF0-3FEA-4D02-ADA4-84E2CC6ED3F3}.Release|Any CPU.Build.0 = Release|Any CPU
		{63FF0DF0-3FEA-4D02-ADA4-84E2CC6ED3F3}.Release|x64.ActiveCfg = Release|Any CPU
		{63FF0DF0-3FEA-4D02-ADA4-84E2CC6ED3F3}.Release|x64.Build.0 = Release|Any CPU
		{63FF0DF0-3FEA-4D02-ADA4-84E2CC6ED3F3}.Release|x86.ActiveCfg = Release|Any CPU
		{63FF0DF0-3FEA-4D02-ADA4-84E2CC6ED3F3}.Release|x86.Build.0 = Release|Any CPU
	EndGlobalSection
	GlobalSection(SolutionProperties) = preSolution
		HideSolutionNode = FALSE
	EndGlobalSection
	GlobalSection(NestedProjects) = preSolution
		{0D49E964-A29A-49F6-8057-71D854C7B6DB} = {827E0CD3-B72D-47B6-A68D-7590B98EB39B}
		{D3C946E5-BDEC-4D34-810E-B5E032339D1B} = {827E0CD3-B72D-47B6-A68D-7590B98EB39B}
		{63FF0DF0-3FEA-4D02-ADA4-84E2CC6ED3F3} = {0AB3BF05-4346-4AA6-1389-037BE0695223}
	EndGlobalSection
EndGlobal
